// !$*UTF8*$!
{
	archiveVersion = 1;
	classes = {
	};
	objectVersion = 56;
	objects = {

/* Begin PBXBuildFile section */
		6A5E9EF7293A22520076FEA1 /* AppDelegate.swift in Sources */ = {isa = PBXBuildFile; fileRef = 6A5E9EF6293A22520076FEA1 /* AppDelegate.swift */; };
		6A5E9EF9293A22520076FEA1 /* SceneDelegate.swift in Sources */ = {isa = PBXBuildFile; fileRef = 6A5E9EF8293A22520076FEA1 /* SceneDelegate.swift */; };
		6A5E9EFB293A22520076FEA1 /* ViewController.swift in Sources */ = {isa = PBXBuildFile; fileRef = 6A5E9EFA293A22520076FEA1 /* ViewController.swift */; };
		6A5E9EFE293A22520076FEA1 /* Main.storyboard in Resources */ = {isa = PBXBuildFile; fileRef = 6A5E9EFC293A22520076FEA1 /* Main.storyboard */; };
		6A5E9F01293A22520076FEA1 /* ToDoV1.xcdatamodeld in Sources */ = {isa = PBXBuildFile; fileRef = 6A5E9EFF293A22520076FEA1 /* ToDoV1.xcdatamodeld */; };
		6A5E9F03293A22530076FEA1 /* Assets.xcassets in Resources */ = {isa = PBXBuildFile; fileRef = 6A5E9F02293A22530076FEA1 /* Assets.xcassets */; };
		6A5E9F06293A22530076FEA1 /* LaunchScreen.storyboard in Resources */ = {isa = PBXBuildFile; fileRef = 6A5E9F04293A22530076FEA1 /* LaunchScreen.storyboard */; };
		6A5E9F0F293A233C0076FEA1 /* ToDoListItem+CoreDataClass.swift in Sources */ = {isa = PBXBuildFile; fileRef = 6A5E9F0D293A233C0076FEA1 /* ToDoListItem+CoreDataClass.swift */; };
		6A5E9F10293A233C0076FEA1 /* ToDoListItem+CoreDataProperties.swift in Sources */ = {isa = PBXBuildFile; fileRef = 6A5E9F0E293A233C0076FEA1 /* ToDoListItem+CoreDataProperties.swift */; };
/* End PBXBuildFile section */

/* Begin PBXFileReference section */
		6A5E9EF3293A22520076FEA1 /* ToDoV1.app */ = {isa = PBXFileReference; explicitFileType = wrapper.application; includeInIndex = 0; path = ToDoV1.app; sourceTree = BUILT_PRODUCTS_DIR; };
		6A5E9EF6293A22520076FEA1 /* AppDelegate.swift */ = {isa = PBXFileReference; lastKnownFileType = sourcecode.swift; path = AppDelegate.swift; sourceTree = "<group>"; };
		6A5E9EF8293A22520076FEA1 /* SceneDelegate.swift */ = {isa = PBXFileReference; lastKnownFileType = sourcecode.swift; path = SceneDelegate.swift; sourceTree = "<group>"; };
		6A5E9EFA293A22520076FEA1 /* ViewController.swift */ = {isa = PBXFileReference; lastKnownFileType = sourcecode.swift; path = ViewController.swift; sourceTree = "<group>"; };
		6A5E9EFD293A22520076FEA1 /* Base */ = {isa = PBXFileReference; lastKnownFileType = file.storyboard; name = Base; path = Base.lproj/Main.storyboard; sourceTree = "<group>"; };
		6A5E9F00293A22520076FEA1 /* ToDoV1.xcdatamodel */ = {isa = PBXFileReference; lastKnownFileType = wrapper.xcdatamodel; path = ToDoV1.xcdatamodel; sourceTree = "<group>"; };
		6A5E9F02293A22530076FEA1 /* Assets.xcassets */ = {isa = PBXFileReference; lastKnownFileType = folder.assetcatalog; path = Assets.xcassets; sourceTree = "<group>"; };
		6A5E9F05293A22530076FEA1 /* Base */ = {isa = PBXFileReference; lastKnownFileType = file.storyboard; name = Base; path = Base.lproj/LaunchScreen.storyboard; sourceTree = "<group>"; };
		6A5E9F07293A22530076FEA1 /* Info.plist */ = {isa = PBXFileReference; lastKnownFileType = text.plist.xml; path = Info.plist; sourceTree = "<group>"; };
		6A5E9F0D293A233C0076FEA1 /* ToDoListItem+CoreDataClass.swift */ = {isa = PBXFileReference; lastKnownFileType = sourcecode.swift; path = "ToDoListItem+CoreDataClass.swift"; sourceTree = "<group>"; };
		6A5E9F0E293A233C0076FEA1 /* ToDoListItem+CoreDataProperties.swift */ = {isa = PBXFileReference; lastKnownFileType = sourcecode.swift; path = "ToDoListItem+CoreDataProperties.swift"; sourceTree = "<group>"; };
/* End PBXFileReference section */

/* Begin PBXFrameworksBuildPhase section */
		6A5E9EF0293A22520076FEA1 /* Frameworks */ = {
			isa = PBXFrameworksBuildPhase;
			buildActionMask = 2147483647;
			files = (
			);
			runOnlyForDeploymentPostprocessing = 0;
		};
/* End PBXFrameworksBuildPhase section */

/* Begin PBXGroup section */
		6A5E9EEA293A22520076FEA1 = {
			isa = PBXGroup;
			children = (
				6A5E9EF5293A22520076FEA1 /* ToDoV1 */,
				6A5E9EF4293A22520076FEA1 /* Products */,
			);
			sourceTree = "<group>";
		};
		6A5E9EF4293A22520076FEA1 /* Products */ = {
			isa = PBXGroup;
			children = (
				6A5E9EF3293A22520076FEA1 /* ToDoV1.app */,
			);
			name = Products;
			sourceTree = "<group>";
		};
		6A5E9EF5293A22520076FEA1 /* ToDoV1 */ = {
			isa = PBXGroup;
			children = (
				6A5E9F11293A234B0076FEA1 /* ToDoListItem */,
				6A5E9EF6293A22520076FEA1 /* AppDelegate.swift */,
				6A5E9EF8293A22520076FEA1 /* SceneDelegate.swift */,
				6A5E9EFA293A22520076FEA1 /* ViewController.swift */,
				6A5E9EFC293A22520076FEA1 /* Main.storyboard */,
				6A5E9F02293A22530076FEA1 /* Assets.xcassets */,
				6A5E9F04293A22530076FEA1 /* LaunchScreen.storyboard */,
				6A5E9F07293A22530076FEA1 /* Info.plist */,
				6A5E9EFF293A22520076FEA1 /* ToDoV1.xcdatamodeld */,
			);
			path = ToDoV1;
			sourceTree = "<group>";
		};
		6A5E9F11293A234B0076FEA1 /* ToDoListItem */ = {
			isa = PBXGroup;
			children = (
				6A5E9F0D293A233C0076FEA1 /* ToDoListItem+CoreDataClass.swift */,
				6A5E9F0E293A233C0076FEA1 /* ToDoListItem+CoreDataProperties.swift */,
			);
			path = ToDoListItem;
			sourceTree = "<group>";
		};
/* End PBXGroup section */

/* Begin PBXNativeTarget section */
		6A5E9EF2293A22520076FEA1 /* ToDoV1 */ = {
			isa = PBXNativeTarget;
			buildConfigurationList = 6A5E9F0A293A22530076FEA1 /* Build configuration list for PBXNativeTarget "ToDoV1" */;
			buildPhases = (
				6A5E9EEF293A22520076FEA1 /* Sources */,
				6A5E9EF0293A22520076FEA1 /* Frameworks */,
				6A5E9EF1293A22520076FEA1 /* Resources */,
			);
			buildRules = (
			);
			dependencies = (
			);
			name = ToDoV1;
			productName = ToDoV1;
			productReference = 6A5E9EF3293A22520076FEA1 /* ToDoV1.app */;
			productType = "com.apple.product-type.application";
		};
/* End PBXNativeTarget section */

/* Begin PBXProject section */
		6A5E9EEB293A22520076FEA1 /* Project object */ = {
			isa = PBXProject;
			attributes = {
				BuildIndependentTargetsInParallel = 1;
				LastSwiftUpdateCheck = 1410;
				LastUpgradeCheck = 1410;
				TargetAttributes = {
					6A5E9EF2293A22520076FEA1 = {
						CreatedOnToolsVersion = 14.1;
					};
				};
			};
			buildConfigurationList = 6A5E9EEE293A22520076FEA1 /* Build configuration list for PBXProject "ToDoV1" */;
			compatibilityVersion = "Xcode 14.0";
			developmentRegion = en;
			hasScannedForEncodings = 0;
			knownRegions = (
				en,
				Base,
			);
			mainGroup = 6A5E9EEA293A22520076FEA1;
			productRefGroup = 6A5E9EF4293A22520076FEA1 /* Products */;
			projectDirPath = "";
			projectRoot = "";
			targets = (
				6A5E9EF2293A22520076FEA1 /* ToDoV1 */,
			);
		};
/* End PBXProject section */

/* Begin PBXResourcesBuildPhase section */
		6A5E9EF1293A22520076FEA1 /* Resources */ = {
			isa = PBXResourcesBuildPhase;
			buildActionMask = 2147483647;
			files = (
				6A5E9F06293A22530076FEA1 /* LaunchScreen.storyboard in Resources */,
				6A5E9F03293A22530076FEA1 /* Assets.xcassets in Resources */,
				6A5E9EFE293A22520076FEA1 /* Main.storyboard in Resources */,
			);
			runOnlyForDeploymentPostprocessing = 0;
		};
/* End PBXResourcesBuildPhase section */

/* Begin PBXSourcesBuildPhase section */
		6A5E9EEF293A22520076FEA1 /* Sources */ = {
			isa = PBXSourcesBuildPhase;
			buildActionMask = 2147483647;
			files = (
				6A5E9F01293A22520076FEA1 /* ToDoV1.xcdatamodeld in Sources */,
				6A5E9EFB293A22520076FEA1 /* ViewController.swift in Sources */,
				6A5E9EF7293A22520076FEA1 /* AppDelegate.swift in Sources */,
				6A5E9F0F293A233C0076FEA1 /* ToDoListItem+CoreDataClass.swift in Sources */,
				6A5E9F10293A233C0076FEA1 /* ToDoListItem+CoreDataProperties.swift in Sources */,
				6A5E9EF9293A22520076FEA1 /* SceneDelegate.swift in Sources */,
			);
			runOnlyForDeploymentPostprocessing = 0;
		};
/* End PBXSourcesBuildPhase section */

/* Begin PBXVariantGroup section */
		6A5E9EFC293A22520076FEA1 /* Main.storyboard */ = {
			isa = PBXVariantGroup;
			children = (
				6A5E9EFD293A22520076FEA1 /* Base */,
			);
			name = Main.storyboard;
			sourceTree = "<group>";
		};
		6A5E9F04293A22530076FEA1 /* LaunchScreen.storyboard */ = {
			isa = PBXVariantGroup;
			children = (
				6A5E9F05293A22530076FEA1 /* Base */,
			);
			name = LaunchScreen.storyboard;
			sourceTree = "<group>";
		};
/* End PBXVariantGroup section */

/* Begin XCBuildConfiguration section */
		6A5E9F08293A22530076FEA1 /* Debug */ = {
			isa = XCBuildConfiguration;
			buildSettings = {
				ALWAYS_SEARCH_USER_PATHS = NO;
				CLANG_ANALYZER_NONNULL = YES;
				CLANG_ANALYZER_NUMBER_OBJECT_CONVERSION = YES_AGGRESSIVE;
				CLANG_CXX_LANGUAGE_STANDARD = "gnu++20";
				CLANG_ENABLE_MODULES = YES;
				CLANG_ENABLE_OBJC_ARC = YES;
				CLANG_ENABLE_OBJC_WEAK = YES;
				CLANG_WARN_BLOCK_CAPTURE_AUTORELEASING = YES;
				CLANG_WARN_BOOL_CONVERSION = YES;
				CLANG_WARN_COMMA = YES;
				CLANG_WARN_CONSTANT_CONVERSION = YES;
				CLANG_WARN_DEPRECATED_OBJC_IMPLEMENTATIONS = YES;
				CLANG_WARN_DIRECT_OBJC_ISA_USAGE = YES_ERROR;
				CLANG_WARN_DOCUMENTATION_COMMENTS = YES;
				CLANG_WARN_EMPTY_BODY = YES;
				CLANG_WARN_ENUM_CONVERSION = YES;
				CLANG_WARN_INFINITE_RECURSION = YES;
				CLANG_WARN_INT_CONVERSION = YES;
				CLANG_WARN_NON_LITERAL_NULL_CONVERSION = YES;
				CLANG_WARN_OBJC_IMPLICIT_RETAIN_SELF = YES;
				CLANG_WARN_OBJC_LITERAL_CONVERSION = YES;
				CLANG_WARN_OBJC_ROOT_CLASS = YES_ERROR;
				CLANG_WARN_QUOTED_INCLUDE_IN_FRAMEWORK_HEADER = YES;
				CLANG_WARN_RANGE_LOOP_ANALYSIS = YES;
				CLANG_WARN_STRICT_PROTOTYPES = YES;
				CLANG_WARN_SUSPICIOUS_MOVE = YES;
				CLANG_WARN_UNGUARDED_AVAILABILITY = YES_AGGRESSIVE;
				CLANG_WARN_UNREACHABLE_CODE = YES;
				CLANG_WARN__DUPLICATE_METHOD_MATCH = YES;
				COPY_PHASE_STRIP = NO;
				DEBUG_INFORMATION_FORMAT = dwarf;
				ENABLE_STRICT_OBJC_MSGSEND = YES;
				ENABLE_TESTABILITY = YES;
				GCC_C_LANGUAGE_STANDARD = gnu11;
				GCC_DYNAMIC_NO_PIC = NO;
				GCC_NO_COMMON_BLOCKS = YES;
				GCC_OPTIMIZATION_LEVEL = 0;
				GCC_PREPROCESSOR_DEFINITIONS = (
					"DEBUG=1",
					"$(inherited)",
				);
				GCC_WARN_64_TO_32_BIT_CONVERSION = YES;
				GCC_WARN_ABOUT_RETURN_TYPE = YES_ERROR;
				GCC_WARN_UNDECLARED_SELECTOR = YES;
				GCC_WARN_UNINITIALIZED_AUTOS = YES_AGGRESSIVE;
				GCC_WARN_UNUSED_FUNCTION = YES;
				GCC_WARN_UNUSED_VARIABLE = YES;
				IPHONEOS_DEPLOYMENT_TARGET = 16.1;
				MTL_ENABLE_DEBUG_INFO = INCLUDE_SOURCE;
				MTL_FAST_MATH = YES;
				ONLY_ACTIVE_ARCH = YES;
				SDKROOT = iphoneos;
				SWIFT_ACTIVE_COMPILATION_CONDITIONS = DEBUG;
				SWIFT_OPTIMIZATION_LEVEL = "-Onone";
			};
			name = Debug;
		};
		6A5E9F09293A22530076FEA1 /* Release */ = {
			isa = XCBuildConfiguration;
			buildSettings = {
				ALWAYS_SEARCH_USER_PATHS = NO;
				CLANG_ANALYZER_NONNULL = YES;
				CLANG_ANALYZER_NUMBER_OBJECT_CONVERSION = YES_AGGRESSIVE;
				CLANG_CXX_LANGUAGE_STANDARD = "gnu++20";
				CLANG_ENABLE_MODULES = YES;
				CLANG_ENABLE_OBJC_ARC = YES;
				CLANG_ENABLE_OBJC_WEAK = YES;
				CLANG_WARN_BLOCK_CAPTURE_AUTORELEASING = YES;
				CLANG_WARN_BOOL_CONVERSION = YES;
				CLANG_WARN_COMMA = YES;
				CLANG_WARN_CONSTANT_CONVERSION = YES;
				CLANG_WARN_DEPRECATED_OBJC_IMPLEMENTATIONS = YES;
				CLANG_WARN_DIRECT_OBJC_ISA_USAGE = YES_ERROR;
				CLANG_WARN_DOCUMENTATION_COMMENTS = YES;
				CLANG_WARN_EMPTY_BODY = YES;
				CLANG_WARN_ENUM_CONVERSION = YES;
				CLANG_WARN_INFINITE_RECURSION = YES;
				CLANG_WARN_INT_CONVERSION = YES;
				CLANG_WARN_NON_LITERAL_NULL_CONVERSION = YES;
				CLANG_WARN_OBJC_IMPLICIT_RETAIN_SELF = YES;
				CLANG_WARN_OBJC_LITERAL_CONVERSION = YES;
				CLANG_WARN_OBJC_ROOT_CLASS = YES_ERROR;
				CLANG_WARN_QUOTED_INCLUDE_IN_FRAMEWORK_HEADER = YES;
				CLANG_WARN_RANGE_LOOP_ANALYSIS = YES;
				CLANG_WARN_STRICT_PROTOTYPES = YES;
				CLANG_WARN_SUSPICIOUS_MOVE = YES;
				CLANG_WARN_UNGUARDED_AVAILABILITY = YES_AGGRESSIVE;
				CLANG_WARN_UNREACHABLE_CODE = YES;
				CLANG_WARN__DUPLICATE_METHOD_MATCH = YES;
				COPY_PHASE_STRIP = NO;
				DEBUG_INFORMATION_FORMAT = "dwarf-with-dsym";
				ENABLE_NS_ASSERTIONS = NO;
				ENABLE_STRICT_OBJC_MSGSEND = YES;
				GCC_C_LANGUAGE_STANDARD = gnu11;
				GCC_NO_COMMON_BLOCKS = YES;
				GCC_WARN_64_TO_32_BIT_CONVERSION = YES;
				GCC_WARN_ABOUT_RETURN_TYPE = YES_ERROR;
				GCC_WARN_UNDECLARED_SELECTOR = YES;
				GCC_WARN_UNINITIALIZED_AUTOS = YES_AGGRESSIVE;
				GCC_WARN_UNUSED_FUNCTION = YES;
				GCC_WARN_UNUSED_VARIABLE = YES;
				IPHONEOS_DEPLOYMENT_TARGET = 16.1;
				MTL_ENABLE_DEBUG_INFO = NO;
				MTL_FAST_MATH = YES;
				SDKROOT = iphoneos;
				SWIFT_COMPILATION_MODE = wholemodule;
				SWIFT_OPTIMIZATION_LEVEL = "-O";
				VALIDATE_PRODUCT = YES;
			};
			name = Release;
		};
		6A5E9F0B293A22530076FEA1 /* Debug */ = {
			isa = XCBuildConfiguration;
			buildSettings = {
				ASSETCATALOG_COMPILER_APPICON_NAME = AppIcon;
				ASSETCATALOG_COMPILER_GLOBAL_ACCENT_COLOR_NAME = AccentColor;
				CODE_SIGN_STYLE = Automatic;
				CURRENT_PROJECT_VERSION = 1;
				DEVELOPMENT_TEAM = 268425KQUF;
				GENERATE_INFOPLIST_FILE = YES;
				INFOPLIST_FILE = ToDoV1/Info.plist;
				INFOPLIST_KEY_UIApplicationSupportsIndirectInputEvents = YES;
				INFOPLIST_KEY_UILaunchStoryboardName = LaunchScreen;
				INFOPLIST_KEY_UIMainStoryboardFile = Main;
				INFOPLIST_KEY_UISupportedInterfaceOrientations = UIInterfaceOrientationPortrait;
				INFOPLIST_KEY_UISupportedInterfaceOrientations_iPad = "UIInterfaceOrientationLandscapeLeft UIInterfaceOrientationLandscapeRight UIInterfaceOrientationPortrait UIInterfaceOrientationPortraitUpsideDown";
				LD_RUNPATH_SEARCH_PATHS = (
					"$(inherited)",
					"@executable_path/Frameworks",
				);
				MARKETING_VERSION = 1.0;
				PRODUCT_BUNDLE_IDENTIFIER = com.vyurking.ToDoV1;
				PRODUCT_NAME = "$(TARGET_NAME)";
				SUPPORTED_PLATFORMS = "iphoneos iphonesimulator";
				SUPPORTS_MACCATALYST = NO;
				SUPPORTS_MAC_DESIGNED_FOR_IPHONE_IPAD = NO;
				SWIFT_EMIT_LOC_STRINGS = YES;
				SWIFT_VERSION = 5.0;
				TARGETED_DEVICE_FAMILY = 1;
			};
			name = Debug;
		};
		6A5E9F0C293A22530076FEA1 /* Release */ = {
			isa = XCBuildConfiguration;
			buildSettings = {
				ASSETCATALOG_COMPILER_APPICON_NAME = AppIcon;
				ASSETCATALOG_COMPILER_GLOBAL_ACCENT_COLOR_NAME = AccentColor;
				CODE_SIGN_STYLE = Automatic;
				CURRENT_PROJECT_VERSION = 1;
				DEVELOPMENT_TEAM = 268425KQUF;
				GENERATE_INFOPLIST_FILE = YES;
				INFOPLIST_FILE = ToDoV1/Info.plist;
				INFOPLIST_KEY_UIApplicationSupportsIndirectInputEvents = YES;
				INFOPLIST_KEY_UILaunchStoryboardName = LaunchScreen;
				INFOPLIST_KEY_UIMainStoryboardFile = Main;
				INFOPLIST_KEY_UISupportedInterfaceOrientations = UIInterfaceOrientationPortrait;
				INFOPLIST_KEY_UISupportedInterfaceOrientations_iPad = "UIInterfaceOrientationLandscapeLeft UIInterfaceOrientationLandscapeRight UIInterfaceOrientationPortrait UIInterfaceOrientationPortraitUpsideDown";
				LD_RUNPATH_SEARCH_PATHS = (
					"$(inherited)",
					"@executable_path/Frameworks",
				);
				MARKETING_VERSION = 1.0;
				PRODUCT_BUNDLE_IDENTIFIER = com.vyurking.ToDoV1;
				PRODUCT_NAME = "$(TARGET_NAME)";
				SUPPORTED_PLATFORMS = "iphoneos iphonesimulator";
				SUPPORTS_MACCATALYST = NO;
				SUPPORTS_MAC_DESIGNED_FOR_IPHONE_IPAD = NO;
				SWIFT_EMIT_LOC_STRINGS = YES;
				SWIFT_VERSION = 5.0;
				TARGETED_DEVICE_FAMILY = 1;
			};
			name = Release;
		};
/* End XCBuildConfiguration section */

/* Begin XCConfigurationList section */
		6A5E9EEE293A22520076FEA1 /* Build configuration list for PBXProject "ToDoV1" */ = {
			isa = XCConfigurationList;
			buildConfigurations = (
				6A5E9F08293A22530076FEA1 /* Debug */,
				6A5E9F09293A22530076FEA1 /* Release */,
			);
			defaultConfigurationIsVisible = 0;
			defaultConfigurationName = Release;
		};
		6A5E9F0A293A22530076FEA1 /* Build configuration list for PBXNativeTarget "ToDoV1" */ = {
			isa = XCConfigurationList;
			buildConfigurations = (
				6A5E9F0B293A22530076FEA1 /* Debug */,
				6A5E9F0C293A22530076FEA1 /* Release */,
			);
			defaultConfigurationIsVisible = 0;
			defaultConfigurationName = Release;
		};
/* End XCConfigurationList section */

/* Begin XCVersionGroup section */
		6A5E9EFF293A22520076FEA1 /* ToDoV1.xcdatamodeld */ = {
			isa = XCVersionGroup;
			children = (
				6A5E9F00293A22520076FEA1 /* ToDoV1.xcdatamodel */,
			);
			currentVersion = 6A5E9F00293A22520076FEA1 /* ToDoV1.xcdatamodel */;
			path = ToDoV1.xcdatamodeld;
			sourceTree = "<group>";
			versionGroupType = wrapper.xcdatamodel;
		};
/* End XCVersionGroup section */
	};
	rootObject = 6A5E9EEB293A22520076FEA1 /* Project object */;
}
